
Microsoft Visual Studio Solution File, Format Version 12.00
# Visual Studio 15
VisualStudioVersion = 15.0.28307.572
MinimumVisualStudioVersion = 10.0.40219.1
Project("{FAE04EC0-301F-11D3-BF4B-00C04F79EFBC}") = "OneTimeUseCache", "OneTimeUseCache\OneTimeUseCache.csproj", "{F667DE59-1A2F-49EA-B913-AA8965E1402F}"
EndProject
Project("{FAE04EC0-301F-11D3-BF4B-00C04F79EFBC}") = "UnitTest", "UnitTest\UnitTest.csproj", "{B592E820-0427-4749-AED3-CC91AD0783CF}"
EndProject
Global
	GlobalSection(SolutionConfigurationPlatforms) = preSolution
		Debug|Any CPU = Debug|Any CPU
		Release|Any CPU = Release|Any CPU
	EndGlobalSection
	GlobalSection(ProjectConfigurationPlatforms) = postSolution
		{F667DE59-1A2F-49EA-B913-AA8965E1402F}.Debug|Any CPU.ActiveCfg = Debug|Any CPU
		{F667DE59-1A2F-49EA-B913-AA8965E1402F}.Debug|Any CPU.Build.0 = Debug|Any CPU
		{F667DE59-1A2F-49EA-B913-AA8965E1402F}.Release|Any CPU.ActiveCfg = Release|Any CPU
		{F667DE59-1A2F-49EA-B913-AA8965E1402F}.Release|Any CPU.Build.0 = Release|Any CPU
		{B592E820-0427-4749-AED3-CC91AD0783CF}.Debug|Any CPU.ActiveCfg = Debug|Any CPU
		{B592E820-0427-4749-AED3-CC91AD0783CF}.Debug|Any CPU.Build.0 = Debug|Any CPU
		{B592E820-0427-4749-AED3-CC91AD0783CF}.Release|Any CPU.ActiveCfg = Release|Any CPU
		{B592E820-0427-4749-AED3-CC91AD0783CF}.Release|Any CPU.Build.0 = Release|Any CPU
	EndGlobalSection
	GlobalSection(SolutionProperties) = preSolution
		HideSolutionNode = FALSE
	EndGlobalSection
	GlobalSection(ExtensibilityGlobals) = postSolution
		SolutionGuid = {0FF6877C-34C9-42C3-90A0-41B0C7C1613C}
	EndGlobalSection
EndGlobal
